
Microsoft Visual Studio Solution File, Format Version 11.00
# Visual C# Express 2010
Project("{FAE04EC0-301F-11D3-BF4B-00C04F79EFBC}") = "MassRotate1", "MassRotate1\MassRotate1.csproj", "{37BDC3A3-A389-4520-A285-0D46334B4D19}"
EndProject
Global
	GlobalSection(SolutionConfigurationPlatforms) = preSolution
		Debug|x86 = Debug|x86
		Release|x86 = Release|x86
	EndGlobalSection
	GlobalSection(ProjectConfigurationPlatforms) = postSolution
		{37BDC3A3-A389-4520-A285-0D46334B4D19}.Debug|x86.ActiveCfg = Debug|x86
		{37BDC3A3-A389-4520-A285-0D46334B4D19}.Debug|x86.Build.0 = Debug|x86
		{37BDC3A3-A389-4520-A285-0D46334B4D19}.Release|x86.ActiveCfg = Release|x86
		{37BDC3A3-A389-4520-A285-0D46334B4D19}.Release|x86.Build.0 = Release|x86
	EndGlobalSection
	GlobalSection(SolutionProperties) = preSolution
		HideSolutionNode = FALSE
	EndGlobalSection
EndGlobal
